// !$*UTF8*$!
{
	archiveVersion = 1;
	classes = {
	};
	objectVersion = 50;
	objects = {

/* Begin PBXBuildFile section */
		336457F823829231004B700E /* AppDelegate.swift in Sources */ = {isa = PBXBuildFile; fileRef = 336457F723829231004B700E /* AppDelegate.swift */; };
		336457FA23829231004B700E /* SceneDelegate.swift in Sources */ = {isa = PBXBuildFile; fileRef = 336457F923829231004B700E /* SceneDelegate.swift */; };
		336457FD23829231004B700E /* LoveSong.xcdatamodeld in Sources */ = {isa = PBXBuildFile; fileRef = 336457FB23829231004B700E /* LoveSong.xcdatamodeld */; };
		336457FF23829231004B700E /* SongList.swift in Sources */ = {isa = PBXBuildFile; fileRef = 336457FE23829231004B700E /* SongList.swift */; };
		3364580123829237004B700E /* Assets.xcassets in Resources */ = {isa = PBXBuildFile; fileRef = 3364580023829237004B700E /* Assets.xcassets */; };
		3364580423829237004B700E /* Preview Assets.xcassets in Resources */ = {isa = PBXBuildFile; fileRef = 3364580323829237004B700E /* Preview Assets.xcassets */; };
		3364580723829237004B700E /* LaunchScreen.storyboard in Resources */ = {isa = PBXBuildFile; fileRef = 3364580523829237004B700E /* LaunchScreen.storyboard */; };
		3364580F238292BB004B700E /* Song.swift in Sources */ = {isa = PBXBuildFile; fileRef = 3364580E238292BB004B700E /* Song.swift */; };
		336458112382932E004B700E /* SongsData.swift in Sources */ = {isa = PBXBuildFile; fileRef = 336458102382932E004B700E /* SongsData.swift */; };
		3364581323829427004B700E /* SongRow.swift in Sources */ = {isa = PBXBuildFile; fileRef = 3364581223829427004B700E /* SongRow.swift */; };
		336458152382945A004B700E /* SongEditor.swift in Sources */ = {isa = PBXBuildFile; fileRef = 336458142382945A004B700E /* SongEditor.swift */; };
		3B12C673238BDAE00066DE16 /* AppView.swift in Sources */ = {isa = PBXBuildFile; fileRef = 3B12C672238BDAE00066DE16 /* AppView.swift */; };
		3B12C675238BDB860066DE16 /* PlayList.swift in Sources */ = {isa = PBXBuildFile; fileRef = 3B12C674238BDB860066DE16 /* PlayList.swift */; };
		3B12C717238BF50F0066DE16 /* ScorePieChart.swift in Sources */ = {isa = PBXBuildFile; fileRef = 3B12C716238BF50F0066DE16 /* ScorePieChart.swift */; };
		55A1DBD2238CE480001E6902 /* SongMusic.swift in Sources */ = {isa = PBXBuildFile; fileRef = 55A1DBD1238CE480001E6902 /* SongMusic.swift */; };
		55A1DBD4238CFE84001E6902 /* DemoData.swift in Sources */ = {isa = PBXBuildFile; fileRef = 55A1DBD3238CFE84001E6902 /* DemoData.swift */; };
/* End PBXBuildFile section */

/* Begin PBXFileReference section */
		336457F423829231004B700E /* LoveSong.app */ = {isa = PBXFileReference; explicitFileType = wrapper.application; includeInIndex = 0; path = LoveSong.app; sourceTree = BUILT_PRODUCTS_DIR; };
		336457F723829231004B700E /* AppDelegate.swift */ = {isa = PBXFileReference; lastKnownFileType = sourcecode.swift; path = AppDelegate.swift; sourceTree = "<group>"; };
		336457F923829231004B700E /* SceneDelegate.swift */ = {isa = PBXFileReference; lastKnownFileType = sourcecode.swift; path = SceneDelegate.swift; sourceTree = "<group>"; };
		336457FC23829231004B700E /* LoveSong.xcdatamodel */ = {isa = PBXFileReference; lastKnownFileType = wrapper.xcdatamodel; path = LoveSong.xcdatamodel; sourceTree = "<group>"; };
		336457FE23829231004B700E /* SongList.swift */ = {isa = PBXFileReference; lastKnownFileType = sourcecode.swift; path = SongList.swift; sourceTree = "<group>"; };
		3364580023829237004B700E /* Assets.xcassets */ = {isa = PBXFileReference; lastKnownFileType = folder.assetcatalog; path = Assets.xcassets; sourceTree = "<group>"; };
		3364580323829237004B700E /* Preview Assets.xcassets */ = {isa = PBXFileReference; lastKnownFileType = folder.assetcatalog; path = "Preview Assets.xcassets"; sourceTree = "<group>"; };
		3364580623829237004B700E /* Base */ = {isa = PBXFileReference; lastKnownFileType = file.storyboard; name = Base; path = Base.lproj/LaunchScreen.storyboard; sourceTree = "<group>"; };
		3364580823829237004B700E /* Info.plist */ = {isa = PBXFileReference; lastKnownFileType = text.plist.xml; path = Info.plist; sourceTree = "<group>"; };
		3364580E238292BB004B700E /* Song.swift */ = {isa = PBXFileReference; lastKnownFileType = sourcecode.swift; path = Song.swift; sourceTree = "<group>"; };
		336458102382932E004B700E /* SongsData.swift */ = {isa = PBXFileReference; lastKnownFileType = sourcecode.swift; path = SongsData.swift; sourceTree = "<group>"; };
		3364581223829427004B700E /* SongRow.swift */ = {isa = PBXFileReference; lastKnownFileType = sourcecode.swift; path = SongRow.swift; sourceTree = "<group>"; };
		336458142382945A004B700E /* SongEditor.swift */ = {isa = PBXFileReference; lastKnownFileType = sourcecode.swift; path = SongEditor.swift; sourceTree = "<group>"; };
		3B12C672238BDAE00066DE16 /* AppView.swift */ = {isa = PBXFileReference; lastKnownFileType = sourcecode.swift; path = AppView.swift; sourceTree = "<group>"; };
		3B12C674238BDB860066DE16 /* PlayList.swift */ = {isa = PBXFileReference; lastKnownFileType = sourcecode.swift; path = PlayList.swift; sourceTree = "<group>"; };
		3B12C716238BF50F0066DE16 /* ScorePieChart.swift */ = {isa = PBXFileReference; lastKnownFileType = sourcecode.swift; path = ScorePieChart.swift; sourceTree = "<group>"; };
		55A1DBD1238CE480001E6902 /* SongMusic.swift */ = {isa = PBXFileReference; lastKnownFileType = sourcecode.swift; path = SongMusic.swift; sourceTree = "<group>"; };
		55A1DBD3238CFE84001E6902 /* DemoData.swift */ = {isa = PBXFileReference; lastKnownFileType = sourcecode.swift; path = DemoData.swift; sourceTree = "<group>"; };
/* End PBXFileReference section */

/* Begin PBXFrameworksBuildPhase section */
		336457F123829231004B700E /* Frameworks */ = {
			isa = PBXFrameworksBuildPhase;
			buildActionMask = 2147483647;
			files = (
			);
			runOnlyForDeploymentPostprocessing = 0;
		};
/* End PBXFrameworksBuildPhase section */

/* Begin PBXGroup section */
		336457EB23829231004B700E = {
			isa = PBXGroup;
			children = (
				336457F623829231004B700E /* LoveSong */,
			);
			sourceTree = "<group>";
		};
		336457F523829231004B700E /* Products */ = {
			isa = PBXGroup;
			children = (
				336457F423829231004B700E /* LoveSong.app */,
			);
			name = Products;
			path = ..;
			sourceTree = "<group>";
		};
		336457F623829231004B700E /* LoveSong */ = {
			isa = PBXGroup;
			children = (
				336457F723829231004B700E /* AppDelegate.swift */,
				336457F923829231004B700E /* SceneDelegate.swift */,
				3B12C672238BDAE00066DE16 /* AppView.swift */,
				3364580E238292BB004B700E /* Song.swift */,
				336458102382932E004B700E /* SongsData.swift */,
				336457FE23829231004B700E /* SongList.swift */,
				3B12C674238BDB860066DE16 /* PlayList.swift */,
				3B12C716238BF50F0066DE16 /* ScorePieChart.swift */,
				3364581223829427004B700E /* SongRow.swift */,
				336458142382945A004B700E /* SongEditor.swift */,
				55A1DBD1238CE480001E6902 /* SongMusic.swift */,
				55A1DBD3238CFE84001E6902 /* DemoData.swift */,
				336457F523829231004B700E /* Products */,
				3364580023829237004B700E /* Assets.xcassets */,
				3364580523829237004B700E /* LaunchScreen.storyboard */,
				3364580823829237004B700E /* Info.plist */,
				336457FB23829231004B700E /* LoveSong.xcdatamodeld */,
				3364580223829237004B700E /* Preview Content */,
			);
			path = LoveSong;
			sourceTree = "<group>";
		};
		3364580223829237004B700E /* Preview Content */ = {
			isa = PBXGroup;
			children = (
				3364580323829237004B700E /* Preview Assets.xcassets */,
			);
			path = "Preview Content";
			sourceTree = "<group>";
		};
/* End PBXGroup section */

/* Begin PBXNativeTarget section */
		336457F323829231004B700E /* LoveSong */ = {
			isa = PBXNativeTarget;
			buildConfigurationList = 3364580B23829237004B700E /* Build configuration list for PBXNativeTarget "LoveSong" */;
			buildPhases = (
				336457F023829231004B700E /* Sources */,
				336457F123829231004B700E /* Frameworks */,
				336457F223829231004B700E /* Resources */,
			);
			buildRules = (
			);
			dependencies = (
			);
			name = LoveSong;
			productName = LoveSong;
			productReference = 336457F423829231004B700E /* LoveSong.app */;
			productType = "com.apple.product-type.application";
		};
/* End PBXNativeTarget section */

/* Begin PBXProject section */
		336457EC23829231004B700E /* Project object */ = {
			isa = PBXProject;
			attributes = {
				LastSwiftUpdateCheck = 1110;
				LastUpgradeCheck = 1110;
				ORGANIZATIONNAME = User24;
				TargetAttributes = {
					336457F323829231004B700E = {
						CreatedOnToolsVersion = 11.1;
					};
				};
			};
			buildConfigurationList = 336457EF23829231004B700E /* Build configuration list for PBXProject "LoveSong" */;
			compatibilityVersion = "Xcode 9.3";
			developmentRegion = en;
			hasScannedForEncodings = 0;
			knownRegions = (
				en,
				Base,
			);
			mainGroup = 336457EB23829231004B700E;
			productRefGroup = 336457F523829231004B700E /* Products */;
			projectDirPath = "";
			projectRoot = "";
			targets = (
				336457F323829231004B700E /* LoveSong */,
			);
		};
/* End PBXProject section */

/* Begin PBXResourcesBuildPhase section */
		336457F223829231004B700E /* Resources */ = {
			isa = PBXResourcesBuildPhase;
			buildActionMask = 2147483647;
			files = (
				3364580723829237004B700E /* LaunchScreen.storyboard in Resources */,
				3364580423829237004B700E /* Preview Assets.xcassets in Resources */,
				3364580123829237004B700E /* Assets.xcassets in Resources */,
			);
			runOnlyForDeploymentPostprocessing = 0;
		};
/* End PBXResourcesBuildPhase section */

/* Begin PBXSourcesBuildPhase section */
		336457F023829231004B700E /* Sources */ = {
			isa = PBXSourcesBuildPhase;
			buildActionMask = 2147483647;
			files = (
				3364580F238292BB004B700E /* Song.swift in Sources */,
				3B12C675238BDB860066DE16 /* PlayList.swift in Sources */,
				55A1DBD4238CFE84001E6902 /* DemoData.swift in Sources */,
				336458152382945A004B700E /* SongEditor.swift in Sources */,
				3364581323829427004B700E /* SongRow.swift in Sources */,
				336457F823829231004B700E /* AppDelegate.swift in Sources */,
				336458112382932E004B700E /* SongsData.swift in Sources */,
				336457FA23829231004B700E /* SceneDelegate.swift in Sources */,
				336457FF23829231004B700E /* SongList.swift in Sources */,
				3B12C673238BDAE00066DE16 /* AppView.swift in Sources */,
				3B12C717238BF50F0066DE16 /* ScorePieChart.swift in Sources */,
				55A1DBD2238CE480001E6902 /* SongMusic.swift in Sources */,
				336457FD23829231004B700E /* LoveSong.xcdatamodeld in Sources */,
			);
			runOnlyForDeploymentPostprocessing = 0;
		};
/* End PBXSourcesBuildPhase section */

/* Begin PBXVariantGroup section */
		3364580523829237004B700E /* LaunchScreen.storyboard */ = {
			isa = PBXVariantGroup;
			children = (
				3364580623829237004B700E /* Base */,
			);
			name = LaunchScreen.storyboard;
			sourceTree = "<group>";
		};
/* End PBXVariantGroup section */

/* Begin XCBuildConfiguration section */
		3364580923829237004B700E /* Debug */ = {
			isa = XCBuildConfiguration;
			buildSettings = {
				ALWAYS_SEARCH_USER_PATHS = NO;
				CLANG_ANALYZER_NONNULL = YES;
				CLANG_ANALYZER_NUMBER_OBJECT_CONVERSION = YES_AGGRESSIVE;
				CLANG_CXX_LANGUAGE_STANDARD = "gnu++14";
				CLANG_CXX_LIBRARY = "libc++";
				CLANG_ENABLE_MODULES = YES;
				CLANG_ENABLE_OBJC_ARC = YES;
				CLANG_ENABLE_OBJC_WEAK = YES;
				CLANG_WARN_BLOCK_CAPTURE_AUTORELEASING = YES;
				CLANG_WARN_BOOL_CONVERSION = YES;
				CLANG_WARN_COMMA = YES;
				CLANG_WARN_CONSTANT_CONVERSION = YES;
				CLANG_WARN_DEPRECATED_OBJC_IMPLEMENTATIONS = YES;
				CLANG_WARN_DIRECT_OBJC_ISA_USAGE = YES_ERROR;
				CLANG_WARN_DOCUMENTATION_COMMENTS = YES;
				CLANG_WARN_EMPTY_BODY = YES;
				CLANG_WARN_ENUM_CONVERSION = YES;
				CLANG_WARN_INFINITE_RECURSION = YES;
				CLANG_WARN_INT_CONVERSION = YES;
				CLANG_WARN_NON_LITERAL_NULL_CONVERSION = YES;
				CLANG_WARN_OBJC_IMPLICIT_RETAIN_SELF = YES;
				CLANG_WARN_OBJC_LITERAL_CONVERSION = YES;
				CLANG_WARN_OBJC_ROOT_CLASS = YES_ERROR;
				CLANG_WARN_RANGE_LOOP_ANALYSIS = YES;
				CLANG_WARN_STRICT_PROTOTYPES = YES;
				CLANG_WARN_SUSPICIOUS_MOVE = YES;
				CLANG_WARN_UNGUARDED_AVAILABILITY = YES_AGGRESSIVE;
				CLANG_WARN_UNREACHABLE_CODE = YES;
				CLANG_WARN__DUPLICATE_METHOD_MATCH = YES;
				COPY_PHASE_STRIP = NO;
				DEBUG_INFORMATION_FORMAT = dwarf;
				ENABLE_STRICT_OBJC_MSGSEND = YES;
				ENABLE_TESTABILITY = YES;
				GCC_C_LANGUAGE_STANDARD = gnu11;
				GCC_DYNAMIC_NO_PIC = NO;
				GCC_NO_COMMON_BLOCKS = YES;
				GCC_OPTIMIZATION_LEVEL = 0;
				GCC_PREPROCESSOR_DEFINITIONS = (
					"DEBUG=1",
					"$(inherited)",
				);
				GCC_WARN_64_TO_32_BIT_CONVERSION = YES;
				GCC_WARN_ABOUT_RETURN_TYPE = YES_ERROR;
				GCC_WARN_UNDECLARED_SELECTOR = YES;
				GCC_WARN_UNINITIALIZED_AUTOS = YES_AGGRESSIVE;
				GCC_WARN_UNUSED_FUNCTION = YES;
				GCC_WARN_UNUSED_VARIABLE = YES;
				IPHONEOS_DEPLOYMENT_TARGET = 13.1;
				MTL_ENABLE_DEBUG_INFO = INCLUDE_SOURCE;
				MTL_FAST_MATH = YES;
				ONLY_ACTIVE_ARCH = YES;
				SDKROOT = iphoneos;
				SWIFT_ACTIVE_COMPILATION_CONDITIONS = DEBUG;
				SWIFT_OPTIMIZATION_LEVEL = "-Onone";
			};
			name = Debug;
		};
		3364580A23829237004B700E /* Release */ = {
			isa = XCBuildConfiguration;
			buildSettings = {
				ALWAYS_SEARCH_USER_PATHS = NO;
				CLANG_ANALYZER_NONNULL = YES;
				CLANG_ANALYZER_NUMBER_OBJECT_CONVERSION = YES_AGGRESSIVE;
				CLANG_CXX_LANGUAGE_STANDARD = "gnu++14";
				CLANG_CXX_LIBRARY = "libc++";
				CLANG_ENABLE_MODULES = YES;
				CLANG_ENABLE_OBJC_ARC = YES;
				CLANG_ENABLE_OBJC_WEAK = YES;
				CLANG_WARN_BLOCK_CAPTURE_AUTORELEASING = YES;
				CLANG_WARN_BOOL_CONVERSION = YES;
				CLANG_WARN_COMMA = YES;
				CLANG_WARN_CONSTANT_CONVERSION = YES;
				CLANG_WARN_DEPRECATED_OBJC_IMPLEMENTATIONS = YES;
				CLANG_WARN_DIRECT_OBJC_ISA_USAGE = YES_ERROR;
				CLANG_WARN_DOCUMENTATION_COMMENTS = YES;
				CLANG_WARN_EMPTY_BODY = YES;
				CLANG_WARN_ENUM_CONVERSION = YES;
				CLANG_WARN_INFINITE_RECURSION = YES;
				CLANG_WARN_INT_CONVERSION = YES;
				CLANG_WARN_NON_LITERAL_NULL_CONVERSION = YES;
				CLANG_WARN_OBJC_IMPLICIT_RETAIN_SELF = YES;
				CLANG_WARN_OBJC_LITERAL_CONVERSION = YES;
				CLANG_WARN_OBJC_ROOT_CLASS = YES_ERROR;
				CLANG_WARN_RANGE_LOOP_ANALYSIS = YES;
				CLANG_WARN_STRICT_PROTOTYPES = YES;
				CLANG_WARN_SUSPICIOUS_MOVE = YES;
				CLANG_WARN_UNGUARDED_AVAILABILITY = YES_AGGRESSIVE;
				CLANG_WARN_UNREACHABLE_CODE = YES;
				CLANG_WARN__DUPLICATE_METHOD_MATCH = YES;
				COPY_PHASE_STRIP = NO;
				DEBUG_INFORMATION_FORMAT = "dwarf-with-dsym";
				ENABLE_NS_ASSERTIONS = NO;
				ENABLE_STRICT_OBJC_MSGSEND = YES;
				GCC_C_LANGUAGE_STANDARD = gnu11;
				GCC_NO_COMMON_BLOCKS = YES;
				GCC_WARN_64_TO_32_BIT_CONVERSION = YES;
				GCC_WARN_ABOUT_RETURN_TYPE = YES_ERROR;
				GCC_WARN_UNDECLARED_SELECTOR = YES;
				GCC_WARN_UNINITIALIZED_AUTOS = YES_AGGRESSIVE;
				GCC_WARN_UNUSED_FUNCTION = YES;
				GCC_WARN_UNUSED_VARIABLE = YES;
				IPHONEOS_DEPLOYMENT_TARGET = 13.1;
				MTL_ENABLE_DEBUG_INFO = NO;
				MTL_FAST_MATH = YES;
				SDKROOT = iphoneos;
				SWIFT_COMPILATION_MODE = wholemodule;
				SWIFT_OPTIMIZATION_LEVEL = "-O";
				VALIDATE_PRODUCT = YES;
			};
			name = Release;
		};
		3364580C23829237004B700E /* Debug */ = {
			isa = XCBuildConfiguration;
			buildSettings = {
				ASSETCATALOG_COMPILER_APPICON_NAME = AppIcon;
				CODE_SIGN_STYLE = Automatic;
				DEVELOPMENT_ASSET_PATHS = "\"LoveSong/Preview Content\"";
				ENABLE_PREVIEWS = YES;
				INFOPLIST_FILE = LoveSong/Info.plist;
				LD_RUNPATH_SEARCH_PATHS = (
					"$(inherited)",
					"@executable_path/Frameworks",
				);
				PRODUCT_BUNDLE_IDENTIFIER = "-0657008.LoveSong";
				PRODUCT_NAME = "$(TARGET_NAME)";
				SWIFT_VERSION = 5.0;
				TARGETED_DEVICE_FAMILY = "1,2";
			};
			name = Debug;
		};
		3364580D23829237004B700E /* Release */ = {
			isa = XCBuildConfiguration;
			buildSettings = {
				ASSETCATALOG_COMPILER_APPICON_NAME = AppIcon;
				CODE_SIGN_STYLE = Automatic;
				DEVELOPMENT_ASSET_PATHS = "\"LoveSong/Preview Content\"";
				ENABLE_PREVIEWS = YES;
				INFOPLIST_FILE = LoveSong/Info.plist;
				LD_RUNPATH_SEARCH_PATHS = (
					"$(inherited)",
					"@executable_path/Frameworks",
				);
				PRODUCT_BUNDLE_IDENTIFIER = "-0657008.LoveSong";
				PRODUCT_NAME = "$(TARGET_NAME)";
				SWIFT_VERSION = 5.0;
				TARGETED_DEVICE_FAMILY = "1,2";
			};
			name = Release;
		};
/* End XCBuildConfiguration section */

/* Begin XCConfigurationList section */
		336457EF23829231004B700E /* Build configuration list for PBXProject "LoveSong" */ = {
			isa = XCConfigurationList;
			buildConfigurations = (
				3364580923829237004B700E /* Debug */,
				3364580A23829237004B700E /* Release */,
			);
			defaultConfigurationIsVisible = 0;
			defaultConfigurationName = Release;
		};
		3364580B23829237004B700E /* Build configuration list for PBXNativeTarget "LoveSong" */ = {
			isa = XCConfigurationList;
			buildConfigurations = (
				3364580C23829237004B700E /* Debug */,
				3364580D23829237004B700E /* Release */,
			);
			defaultConfigurationIsVisible = 0;
			defaultConfigurationName = Release;
		};
/* End XCConfigurationList section */

/* Begin XCVersionGroup section */
		336457FB23829231004B700E /* LoveSong.xcdatamodeld */ = {
			isa = XCVersionGroup;
			children = (
				336457FC23829231004B700E /* LoveSong.xcdatamodel */,
			);
			currentVersion = 336457FC23829231004B700E /* LoveSong.xcdatamodel */;
			path = LoveSong.xcdatamodeld;
			sourceTree = "<group>";
			versionGroupType = wrapper.xcdatamodel;
		};
/* End XCVersionGroup section */
	};
	rootObject = 336457EC23829231004B700E /* Project object */;
}
